
Microsoft Visual Studio Solution File, Format Version 12.00
# Visual Studio Version 16
VisualStudioVersion = 16.0.31829.152
MinimumVisualStudioVersion = 10.0.40219.1
Project("{9A19103F-16F7-4668-BE54-9A1E7A4F7556}") = "EventAppPage", "EventAppPage\EventAppPage.csproj", "{BFC319B2-B666-45FC-98C6-2CFE52A4671E}"
EndProject
Global
	GlobalSection(SolutionConfigurationPlatforms) = preSolution
		Debug|Any CPU = Debug|Any CPU
		Release|Any CPU = Release|Any CPU
	EndGlobalSection
	GlobalSection(ProjectConfigurationPlatforms) = postSolution
		{BFC319B2-B666-45FC-98C6-2CFE52A4671E}.Debug|Any CPU.ActiveCfg = Debug|Any CPU
		{BFC319B2-B666-45FC-98C6-2CFE52A4671E}.Debug|Any CPU.Build.0 = Debug|Any CPU
		{BFC319B2-B666-45FC-98C6-2CFE52A4671E}.Release|Any CPU.ActiveCfg = Release|Any CPU
		{BFC319B2-B666-45FC-98C6-2CFE52A4671E}.Release|Any CPU.Build.0 = Release|Any CPU
	EndGlobalSection
	GlobalSection(SolutionProperties) = preSolution
		HideSolutionNode = FALSE
	EndGlobalSection
	GlobalSection(ExtensibilityGlobals) = postSolution
		SolutionGuid = {DC6D2273-851D-4996-A8C6-A6C608C4ECC4}
	EndGlobalSection
EndGlobal
