
Microsoft Visual Studio Solution File, Format Version 12.00
# Visual Studio Version 16
VisualStudioVersion = 16.0.31624.102
MinimumVisualStudioVersion = 10.0.40219.1
Project("{9092AA53-FB77-4645-B42D-1CCCA6BD08BD}") = "CalenderPrototype", "CalenderPrototype\CalenderPrototype.njsproj", "{C31BB1EA-6828-43A9-AD63-A0FEAF5DF5A6}"
EndProject
Global
	GlobalSection(SolutionConfigurationPlatforms) = preSolution
		Debug|Any CPU = Debug|Any CPU
		Release|Any CPU = Release|Any CPU
	EndGlobalSection
	GlobalSection(ProjectConfigurationPlatforms) = postSolution
		{C31BB1EA-6828-43A9-AD63-A0FEAF5DF5A6}.Debug|Any CPU.ActiveCfg = Debug|Any CPU
		{C31BB1EA-6828-43A9-AD63-A0FEAF5DF5A6}.Debug|Any CPU.Build.0 = Debug|Any CPU
		{C31BB1EA-6828-43A9-AD63-A0FEAF5DF5A6}.Release|Any CPU.ActiveCfg = Release|Any CPU
		{C31BB1EA-6828-43A9-AD63-A0FEAF5DF5A6}.Release|Any CPU.Build.0 = Release|Any CPU
	EndGlobalSection
	GlobalSection(SolutionProperties) = preSolution
		HideSolutionNode = FALSE
	EndGlobalSection
	GlobalSection(ExtensibilityGlobals) = postSolution
		SolutionGuid = {65D51F63-D786-4976-A7EC-0492DAE5EB6A}
	EndGlobalSection
EndGlobal
